
Microsoft Visual Studio Solution File, Format Version 12.00
# Visual Studio 15
VisualStudioVersion = 15.0.27004.2002
MinimumVisualStudioVersion = 10.0.40219.1
Project("{8BC9CEB8-8B4A-11D0-8D11-00A0C91BC942}") = "XModel", "XModel\XModel.vcxproj", "{01C125E8-1BAC-484F-9F4B-838FC1B012D0}"
EndProject
Project("{8BC9CEB8-8B4A-11D0-8D11-00A0C91BC942}") = "CCSolver", "CCSolver\CCSolver.vcxproj", "{D3826658-1F48-42F8-8B3B-19BE4EA41D28}"
EndProject
Project("{8BC9CEB8-8B4A-11D0-8D11-00A0C91BC942}") = "xcsp2test", "xcsp2test\xcsp2test.vcxproj", "{D1F27802-EB93-47F2-99D1-9A29B0EEE69C}"
EndProject
Project("{8BC9CEB8-8B4A-11D0-8D11-00A0C91BC942}") = "BitBacktrackingSearch", "BitBacktrackingSearch\BitBacktrackingSearch.vcxproj", "{1279AC68-07A1-413B-BC3F-F0ED9175AC64}"
EndProject
Project("{8BC9CEB8-8B4A-11D0-8D11-00A0C91BC942}") = "bbstest", "bbstest\bbstest.vcxproj", "{6EFE5175-7D6D-4AF9-A5F0-41F0DFDD5A1B}"
EndProject
Project("{2150E333-8FDC-42A3-9474-1A3956D46DE8}") = "Solution Items", "Solution Items", "{CE01A8CE-F239-45A5-8905-AFE1E58D19F5}"
	ProjectSection(SolutionItems) = preProject
		ReadMe.txt = ReadMe.txt
	EndProjectSection
EndProject
Project("{8BC9CEB8-8B4A-11D0-8D11-00A0C91BC942}") = "OTTest", "OTTest\OTTest.vcxproj", "{D9A33123-6F6E-4E05-AD77-38E5D9951A28}"
EndProject
Project("{8BC9CEB8-8B4A-11D0-8D11-00A0C91BC942}") = "GeTest", "GeTest\GeTest.vcxproj", "{C45FDF12-A487-470F-877F-6451D180A8E1}"
EndProject
Project("{8BC9CEB8-8B4A-11D0-8D11-00A0C91BC942}") = "QuickSolver", "QuickSolver\QuickSolver.vcxproj", "{28926734-2DEF-4660-86ED-F462C80C7634}"
EndProject
Project("{8BC9CEB8-8B4A-11D0-8D11-00A0C91BC942}") = "dynamic_bitset", "dynamic_bitset\dynamic_bitset.vcxproj", "{2B27F908-431D-41A9-9481-F5D443CC63A3}"
EndProject
Project("{8BC9CEB8-8B4A-11D0-8D11-00A0C91BC942}") = "UltraSolver", "UltraSolver\UltraSolver.vcxproj", "{44860AC9-F5A6-4BCD-9304-6ACD2728A581}"
EndProject
Global
	GlobalSection(SolutionConfigurationPlatforms) = preSolution
		Debug|x64 = Debug|x64
		Debug|x86 = Debug|x86
		Release|x64 = Release|x64
		Release|x86 = Release|x86
	EndGlobalSection
	GlobalSection(ProjectConfigurationPlatforms) = postSolution
		{01C125E8-1BAC-484F-9F4B-838FC1B012D0}.Debug|x64.ActiveCfg = Debug|x64
		{01C125E8-1BAC-484F-9F4B-838FC1B012D0}.Debug|x64.Build.0 = Debug|x64
		{01C125E8-1BAC-484F-9F4B-838FC1B012D0}.Debug|x86.ActiveCfg = Debug|Win32
		{01C125E8-1BAC-484F-9F4B-838FC1B012D0}.Debug|x86.Build.0 = Debug|Win32
		{01C125E8-1BAC-484F-9F4B-838FC1B012D0}.Release|x64.ActiveCfg = Release|x64
		{01C125E8-1BAC-484F-9F4B-838FC1B012D0}.Release|x64.Build.0 = Release|x64
		{01C125E8-1BAC-484F-9F4B-838FC1B012D0}.Release|x86.ActiveCfg = Release|Win32
		{01C125E8-1BAC-484F-9F4B-838FC1B012D0}.Release|x86.Build.0 = Release|Win32
		{D3826658-1F48-42F8-8B3B-19BE4EA41D28}.Debug|x64.ActiveCfg = Debug|x64
		{D3826658-1F48-42F8-8B3B-19BE4EA41D28}.Debug|x64.Build.0 = Debug|x64
		{D3826658-1F48-42F8-8B3B-19BE4EA41D28}.Debug|x86.ActiveCfg = Debug|Win32
		{D3826658-1F48-42F8-8B3B-19BE4EA41D28}.Debug|x86.Build.0 = Debug|Win32
		{D3826658-1F48-42F8-8B3B-19BE4EA41D28}.Release|x64.ActiveCfg = Release|x64
		{D3826658-1F48-42F8-8B3B-19BE4EA41D28}.Release|x64.Build.0 = Release|x64
		{D3826658-1F48-42F8-8B3B-19BE4EA41D28}.Release|x86.ActiveCfg = Release|Win32
		{D3826658-1F48-42F8-8B3B-19BE4EA41D28}.Release|x86.Build.0 = Release|Win32
		{D1F27802-EB93-47F2-99D1-9A29B0EEE69C}.Debug|x64.ActiveCfg = Debug|x64
		{D1F27802-EB93-47F2-99D1-9A29B0EEE69C}.Debug|x64.Build.0 = Debug|x64
		{D1F27802-EB93-47F2-99D1-9A29B0EEE69C}.Debug|x86.ActiveCfg = Debug|Win32
		{D1F27802-EB93-47F2-99D1-9A29B0EEE69C}.Debug|x86.Build.0 = Debug|Win32
		{D1F27802-EB93-47F2-99D1-9A29B0EEE69C}.Release|x64.ActiveCfg = Release|x64
		{D1F27802-EB93-47F2-99D1-9A29B0EEE69C}.Release|x64.Build.0 = Release|x64
		{D1F27802-EB93-47F2-99D1-9A29B0EEE69C}.Release|x86.ActiveCfg = Release|Win32
		{D1F27802-EB93-47F2-99D1-9A29B0EEE69C}.Release|x86.Build.0 = Release|Win32
		{1279AC68-07A1-413B-BC3F-F0ED9175AC64}.Debug|x64.ActiveCfg = Debug|x64
		{1279AC68-07A1-413B-BC3F-F0ED9175AC64}.Debug|x64.Build.0 = Debug|x64
		{1279AC68-07A1-413B-BC3F-F0ED9175AC64}.Debug|x86.ActiveCfg = Debug|Win32
		{1279AC68-07A1-413B-BC3F-F0ED9175AC64}.Debug|x86.Build.0 = Debug|Win32
		{1279AC68-07A1-413B-BC3F-F0ED9175AC64}.Release|x64.ActiveCfg = Release|x64
		{1279AC68-07A1-413B-BC3F-F0ED9175AC64}.Release|x64.Build.0 = Release|x64
		{1279AC68-07A1-413B-BC3F-F0ED9175AC64}.Release|x86.ActiveCfg = Release|Win32
		{1279AC68-07A1-413B-BC3F-F0ED9175AC64}.Release|x86.Build.0 = Release|Win32
		{6EFE5175-7D6D-4AF9-A5F0-41F0DFDD5A1B}.Debug|x64.ActiveCfg = Debug|x64
		{6EFE5175-7D6D-4AF9-A5F0-41F0DFDD5A1B}.Debug|x64.Build.0 = Debug|x64
		{6EFE5175-7D6D-4AF9-A5F0-41F0DFDD5A1B}.Debug|x86.ActiveCfg = Debug|Win32
		{6EFE5175-7D6D-4AF9-A5F0-41F0DFDD5A1B}.Debug|x86.Build.0 = Debug|Win32
		{6EFE5175-7D6D-4AF9-A5F0-41F0DFDD5A1B}.Release|x64.ActiveCfg = Release|x64
		{6EFE5175-7D6D-4AF9-A5F0-41F0DFDD5A1B}.Release|x64.Build.0 = Release|x64
		{6EFE5175-7D6D-4AF9-A5F0-41F0DFDD5A1B}.Release|x86.ActiveCfg = Release|Win32
		{6EFE5175-7D6D-4AF9-A5F0-41F0DFDD5A1B}.Release|x86.Build.0 = Release|Win32
		{D9A33123-6F6E-4E05-AD77-38E5D9951A28}.Debug|x64.ActiveCfg = Debug|x64
		{D9A33123-6F6E-4E05-AD77-38E5D9951A28}.Debug|x64.Build.0 = Debug|x64
		{D9A33123-6F6E-4E05-AD77-38E5D9951A28}.Debug|x86.ActiveCfg = Debug|Win32
		{D9A33123-6F6E-4E05-AD77-38E5D9951A28}.Debug|x86.Build.0 = Debug|Win32
		{D9A33123-6F6E-4E05-AD77-38E5D9951A28}.Release|x64.ActiveCfg = Release|x64
		{D9A33123-6F6E-4E05-AD77-38E5D9951A28}.Release|x64.Build.0 = Release|x64
		{D9A33123-6F6E-4E05-AD77-38E5D9951A28}.Release|x86.ActiveCfg = Release|Win32
		{D9A33123-6F6E-4E05-AD77-38E5D9951A28}.Release|x86.Build.0 = Release|Win32
		{C45FDF12-A487-470F-877F-6451D180A8E1}.Debug|x64.ActiveCfg = Debug|x64
		{C45FDF12-A487-470F-877F-6451D180A8E1}.Debug|x64.Build.0 = Debug|x64
		{C45FDF12-A487-470F-877F-6451D180A8E1}.Debug|x86.ActiveCfg = Debug|Win32
		{C45FDF12-A487-470F-877F-6451D180A8E1}.Debug|x86.Build.0 = Debug|Win32
		{C45FDF12-A487-470F-877F-6451D180A8E1}.Release|x64.ActiveCfg = Release|x64
		{C45FDF12-A487-470F-877F-6451D180A8E1}.Release|x64.Build.0 = Release|x64
		{C45FDF12-A487-470F-877F-6451D180A8E1}.Release|x86.ActiveCfg = Release|Win32
		{C45FDF12-A487-470F-877F-6451D180A8E1}.Release|x86.Build.0 = Release|Win32
		{28926734-2DEF-4660-86ED-F462C80C7634}.Debug|x64.ActiveCfg = Debug|x64
		{28926734-2DEF-4660-86ED-F462C80C7634}.Debug|x64.Build.0 = Debug|x64
		{28926734-2DEF-4660-86ED-F462C80C7634}.Debug|x86.ActiveCfg = Debug|Win32
		{28926734-2DEF-4660-86ED-F462C80C7634}.Debug|x86.Build.0 = Debug|Win32
		{28926734-2DEF-4660-86ED-F462C80C7634}.Release|x64.ActiveCfg = Release|x64
		{28926734-2DEF-4660-86ED-F462C80C7634}.Release|x64.Build.0 = Release|x64
		{28926734-2DEF-4660-86ED-F462C80C7634}.Release|x86.ActiveCfg = Release|Win32
		{28926734-2DEF-4660-86ED-F462C80C7634}.Release|x86.Build.0 = Release|Win32
		{2B27F908-431D-41A9-9481-F5D443CC63A3}.Debug|x64.ActiveCfg = Debug|x64
		{2B27F908-431D-41A9-9481-F5D443CC63A3}.Debug|x64.Build.0 = Debug|x64
		{2B27F908-431D-41A9-9481-F5D443CC63A3}.Debug|x86.ActiveCfg = Debug|Win32
		{2B27F908-431D-41A9-9481-F5D443CC63A3}.Debug|x86.Build.0 = Debug|Win32
		{2B27F908-431D-41A9-9481-F5D443CC63A3}.Release|x64.ActiveCfg = Release|x64
		{2B27F908-431D-41A9-9481-F5D443CC63A3}.Release|x64.Build.0 = Release|x64
		{2B27F908-431D-41A9-9481-F5D443CC63A3}.Release|x86.ActiveCfg = Release|Win32
		{2B27F908-431D-41A9-9481-F5D443CC63A3}.Release|x86.Build.0 = Release|Win32
		{44860AC9-F5A6-4BCD-9304-6ACD2728A581}.Debug|x64.ActiveCfg = Debug|x64
		{44860AC9-F5A6-4BCD-9304-6ACD2728A581}.Debug|x64.Build.0 = Debug|x64
		{44860AC9-F5A6-4BCD-9304-6ACD2728A581}.Debug|x86.ActiveCfg = Debug|Win32
		{44860AC9-F5A6-4BCD-9304-6ACD2728A581}.Debug|x86.Build.0 = Debug|Win32
		{44860AC9-F5A6-4BCD-9304-6ACD2728A581}.Release|x64.ActiveCfg = Release|x64
		{44860AC9-F5A6-4BCD-9304-6ACD2728A581}.Release|x64.Build.0 = Release|x64
		{44860AC9-F5A6-4BCD-9304-6ACD2728A581}.Release|x86.ActiveCfg = Release|Win32
		{44860AC9-F5A6-4BCD-9304-6ACD2728A581}.Release|x86.Build.0 = Release|Win32
	EndGlobalSection
	GlobalSection(SolutionProperties) = preSolution
		HideSolutionNode = FALSE
	EndGlobalSection
	GlobalSection(NestedProjects) = preSolution
		{2B27F908-431D-41A9-9481-F5D443CC63A3} = {CE01A8CE-F239-45A5-8905-AFE1E58D19F5}
	EndGlobalSection
	GlobalSection(ExtensibilityGlobals) = postSolution
		SolutionGuid = {B857C6B8-7E69-4773-B4B3-18EEA370A030}
	EndGlobalSection
EndGlobal
